{
    "_meta": {
        "hash": {
            "sha256": "ee9cbfa7322d32bbac51122749aaa14f9430f53e81d3f1fb982c37065cb44cc5"
        },
        "pipfile-spec": 6,
        "requires": {
            "python_version": "3.6"
        },
        "sources": [
            {
                "name": "pypi",
                "url": "https://pypi.python.org/simple",
                "verify_ssl": true
            }
        ]
    },
    "default": {
        "decorator": {
            "hashes": [
                "sha256:2c51dff8ef3c447388fe5e4453d24a2bf128d3a4c32af3fabef1f01c6851ab82",
                "sha256:c39efa13fbdeb4506c476c9b3babf6a718da943dab7811c206005a4a956c080c"
            ],
            "version": "==4.3.0"
        },
        "dj-database-url": {
            "hashes": [
                "sha256:4aeaeb1f573c74835b0686a2b46b85990571159ffc21aa57ecd4d1e1cb334163",
                "sha256:851785365761ebe4994a921b433062309eb882fedd318e1b0fcecc607ed02da9"
            ],
            "version": "==0.5.0"
        },
        "django": {
            "hashes": [
                "sha256:1ffab268ada3d5684c05ba7ce776eaeedef360712358d6a6b340ae9f16486916",
                "sha256:dd46d87af4c1bf54f4c926c3cfa41dc2b5c15782f15e4329752ce65f5dad1c37"
            ],
            "version": "==2.1.3"
        },
        "django-cors-headers": {
            "hashes": [
                "sha256:5545009c9b233ea7e70da7dbab7cb1c12afa01279895086f98ec243d7eab46fa",
                "sha256:c4c2ee97139d18541a1be7d96fe337d1694623816d83f53cb7c00da9b94acae1"
            ],
            "index": "pypi",
            "version": "==2.4.0"
        },
        "django-heroku": {
            "hashes": [
                "sha256:2bc690aab89eedbe01311752320a9a12e7548e3b0ed102681acc5736a41a4762",
                "sha256:6af4bc3ae4a9b55eaad6dbe5164918982d2762661aebc9f83d9fa49f6009514e"
            ],
            "index": "pypi",
            "version": "==0.3.1"
        },
        "djangorestframework": {
            "hashes": [
                "sha256:607865b0bb1598b153793892101d881466bd5a991de12bd6229abb18b1c86136",
                "sha256:63f76cbe1e7d12b94c357d7e54401103b2e52aef0f7c1650d6c820ad708776e5"
            ],
            "index": "pypi",
            "version": "==3.9.0"
        },
        "gunicorn": {
            "hashes": [
                "sha256:aa8e0b40b4157b36a5df5e599f45c9c76d6af43845ba3b3b0efe2c70473c2471",
                "sha256:fa2662097c66f920f53f70621c6c58ca4a3c4d3434205e608e121b5b3b71f4f3"
            ],
            "index": "pypi",
            "version": "==19.9.0"
        },
        "networkx": {
            "hashes": [
                "sha256:45e56f7ab6fe81652fb4bc9f44faddb0e9025f469f602df14e3b2551c2ea5c8b"
            ],
            "index": "pypi",
            "version": "==2.2"
        },
        "psycopg2": {
            "hashes": [
                "sha256:10e391687b171878181e71736d0effe3772314a339d9ae30995ec8171a0c834e",
                "sha256:1283f9d45e458c2dcb15ba89367923563f90ef636fe78ee22df75183484a0237",
                "sha256:1a9c32e4d140bea225f9821d993b2e53c913e717ea97b851246aa9b300095d8f",
                "sha256:1be6f2438d2b71fec7b07c3c0949dd321b04349c382907ea76b36120edec8300",
                "sha256:20ca6f29e118b8dd7133e8708b3fba2881e70a4e0841f874ed23985b7201a076",
                "sha256:227c115b3c1f65d61385e51ac690b91b584640aefb45bffacd4bd33d02ed7221",
                "sha256:27959abe64ca1fc6d8cd11a71a1f421d8287831a3262bd4cacd43bbf43cc3c82",
                "sha256:2b2daf1fe30a58300542aea679fd87d1e1c2afd36e7644837b7954fa2dbacb92",
                "sha256:36e51a51f295fdf67bcf05e7b1877011a6b39e6622b0013fe31c5025241873a3",
                "sha256:3992b9b914f2eb77dc07e8045d2ca979e491612808bc5c7cd68f307469acf9f6",
                "sha256:39a11de2335ad45ececed43ab851d36a4c52843d756471b940804f301792781e",
                "sha256:3c2afe9ef0d1649005e3ccf93c1aaccd6f8ee379530e763d3b3b77f406b7c0ae",
                "sha256:3fb18e0e52807fe3a300dc1b5421aa492d5e759550918f597d61863419482535",
                "sha256:55eab94de96ee9702f23283e9c8b03cfdb0001e2b14d5d2e1bd5ff8114b96b9f",
                "sha256:7e95c0ab7e7e6e452586f35d4d8966b1e924c8dd2c23977e3ea4968770ff1d26",
                "sha256:7f47514dbddf604f196fcfe5da955537f04691bef8124aff5632316a78d992b7",
                "sha256:8345370356bb4bddf93acbcfd0357163dd6b09471937adcfb38a2fbb49bdce53",
                "sha256:8bc6ecb220c0b88d3742042013129c817c44459795c97e9ce1bca70a3f37a53b",
                "sha256:8df623f248be15d1725faf5f333791678775047f12f17a90d29b5d22573f5cdc",
                "sha256:9645f1305e4268cc0fc88c823cd6c91de27c003e183c233a6a230e5e963039ee",
                "sha256:a68719ed5be8373dd72c9e45d55f7a202285e05a2e392eaa8872a67ea47d7d20",
                "sha256:aca0edf062ec09e954fdf0cc93d3a872362701210983a1442549e703aedec25d",
                "sha256:b0dd2114d93d8f424bb8ae76e0dc540f104b70ca9163172c05e7700b1459d4c9",
                "sha256:b2c09359d6802279efb9efb3f91a9c94567151baee95175f9b637ea628f35244",
                "sha256:ca7bc37b1efb7cc25271bf10f398462ed975d95259af1406d38fcb268466e34f",
                "sha256:e64235d9013ebf6319cb9654e08f5066112c34d8c4cc41186254ab9c3d6d5b9b",
                "sha256:ec9be679c0065667503851141c31fa699e1cc69ded3ba8e5d3673dd5a6eb1370",
                "sha256:eca00d0f91fcb44d88b12f1fd16ad138e38fa07debb79587e2b7ff1fe80d72b9",
                "sha256:f256e807b8b2b45b6af60d7f2bb5194aab2f4acc861241c4d8ef942a55f5030d",
                "sha256:fce7612a3bd6a7ba95799f88285653bf130bd7ca066b52674d5f850108b2aec0"
            ],
            "version": "==2.7.6.1"
        },
        "psycopg2-binary": {
            "hashes": [
                "sha256:036bcb198a7cc4ce0fe43344f8c2c9a8155aefa411633f426c8c6ed58a6c0426",
                "sha256:1d770fcc02cdf628aebac7404d56b28a7e9ebec8cfc0e63260bd54d6edfa16d4",
                "sha256:1fdc6f369dcf229de6c873522d54336af598b9470ccd5300e2f58ee506f5ca13",
                "sha256:21f9ddc0ff6e07f7d7b6b484eb9da2c03bc9931dd13e36796b111d631f7135a3",
                "sha256:247873cda726f7956f745a3e03158b00de79c4abea8776dc2f611d5ba368d72d",
                "sha256:3aa31c42f29f1da6f4fd41433ad15052d5ff045f2214002e027a321f79d64e2c",
                "sha256:475f694f87dbc619010b26de7d0fc575a4accf503f2200885cc21f526bffe2ad",
                "sha256:4b5e332a24bf6e2fda1f51ca2a57ae1083352293a08eeea1fa1112dc7dd542d1",
                "sha256:570d521660574aca40be7b4d532dfb6f156aad7b16b5ed62d1534f64f1ef72d8",
                "sha256:59072de7def0690dd13112d2bdb453e20570a97297070f876fbbb7cbc1c26b05",
                "sha256:5f0b658989e918ef187f8a08db0420528126f2c7da182a7b9f8bf7f85144d4e4",
                "sha256:649199c84a966917d86cdc2046e03d536763576c0b2a756059ae0b3a9656bc20",
                "sha256:6645fc9b4705ae8fbf1ef7674f416f89ae1559deec810f6dd15197dfa52893da",
                "sha256:6872dd54d4e398d781efe8fe2e2d7eafe4450d61b5c4898aced7610109a6df75",
                "sha256:6ce34fbc251fc0d691c8d131250ba6f42fd2b28ef28558d528ba8c558cb28804",
                "sha256:73920d167a0a4d1006f5f3b9a3efce6f0e5e883a99599d38206d43f27697df00",
                "sha256:8a671732b87ae423e34b51139628123bc0306c2cb85c226e71b28d3d57d7e42a",
                "sha256:8d517e8fda2efebca27c2018e14c90ed7dc3f04d7098b3da2912e62a1a5585fe",
                "sha256:9475a008eb7279e20d400c76471843c321b46acacc7ee3de0b47233a1e3fa2cf",
                "sha256:96947b8cd7b3148fb0e6549fcb31258a736595d6f2a599f8cd450e9a80a14781",
                "sha256:abf229f24daa93f67ac53e2e17c8798a71a01711eb9fcdd029abba8637164338",
                "sha256:b1ab012f276df584beb74f81acb63905762c25803ece647016613c3d6ad4e432",
                "sha256:b22b33f6f0071fe57cb4e9158f353c88d41e739a3ec0d76f7b704539e7076427",
                "sha256:b3b2d53274858e50ad2ffdd6d97ce1d014e1e530f82ec8b307edd5d4c921badf",
                "sha256:bab26a729befc7b9fab9ded1bba9c51b785188b79f8a2796ba03e7e734269e2e",
                "sha256:daa1a593629aa49f506eddc9d23dc7f89b35693b90e1fbcd4480182d1203ea90",
                "sha256:dd111280ce40e89fd17b19c1269fd1b74a30fce9d44a550840e86edb33924eb8",
                "sha256:e0b86084f1e2e78c451994410de756deba206884d6bed68d5a3d7f39ff5fea1d",
                "sha256:eb86520753560a7e89639500e2a254bb6f683342af598088cb72c73edcad21e6",
                "sha256:ff18c5c40a38d41811c23e2480615425c97ea81fd7e9118b8b899c512d97c737"
            ],
            "index": "pypi",
            "version": "==2.7.6.1"
        },
        "pycryptodome": {
            "hashes": [
                "sha256:04eda25b5260562dc67557758bcded8693e68d2960063de5645565e633d8aa80",
                "sha256:0c2dfb750bd34fc272435b784d7b1dd74dd5e46942fe41b58513edb4c635589e",
                "sha256:0c47eecea0837f197ff75ed47c7895768de00212e8c20d3da5628c3d0fc3b218",
                "sha256:1fead738aab86a427826dd63e5f95dac59c7a94bf3e68329461b903450248736",
                "sha256:36e89ed59cbaca1e74aedfa844859f5181809eb3983de0b66860980a8596dcd3",
                "sha256:437c2fba3fd8a0c6f44edaa9cd800abe8b3ffb4fd3141eb7536b333aee40e2fc",
                "sha256:4444a26fc3830c0d438bca6975ff10d1eb9c0b88f747fdc25b5ab81fb46713d7",
                "sha256:51c2fd97ab0f8b37a528817ae28713e6afa367b179c86293ca0162d849d77eb0",
                "sha256:51f37ccae9a88c64d000cfec58cfb59963463e8b92e43b126978abbee9f5af8c",
                "sha256:54789e4f2c60f5c37f9e43b688d51965fab65ce3e9e352ff8ee03543ec7eef58",
                "sha256:70b8757a7df5a993c778bebf29583b7cb77fa80975ab383381d1fb89717f4e46",
                "sha256:7e4554a2248773477ff61bae461ab301cbf1e1c21efeda0368ac410a0ff2fb68",
                "sha256:820dd2404241ef14134f28a1f8f47ea7e323c32763890f463412fe76175d1897",
                "sha256:86c82278471431deba734f439555ef260f7d84072568268eea654c2beb7568dd",
                "sha256:881f88bf088985dce9cd9eff9c926deba2ff1fe0ae206d58acfb7059c00fb913",
                "sha256:8c71bdfae281a741d369a6203d63eba99cf9ee96cf64cd02b40b44db8b8253bd",
                "sha256:8fe36931e7c5cb5483e97e5f68f34bc4f4be6e976d1fbb2ff502f763874e7919",
                "sha256:93390e353d6f557dc383c4c907d7b5009b92d6adcbdc2c1d89dcb7e2cb4cbb8e",
                "sha256:9e6b94f2ee0aa6613157fc22c6fb71f7f11c6c895df35d9e7f8977d0d29da57c",
                "sha256:acd75781622231fd00aecbd60494aacae54e7afee67ad89e8e22a04a411c07e1",
                "sha256:b68975f6f88cba021b4286f2c2f8ae863a3b831490964f2a4771193fad1f6fcf",
                "sha256:b6a574d71988ed01c36150ca7a54904eb93be8c3fa0aac6c646fc01bdeaee9ca",
                "sha256:bbbc5803c5c7a63e560672ff8f292e1ecc63477983fc9b705aaefdd0b12f29f4",
                "sha256:da6527b8b3ec022fb9d142652126fdeb9ce8521ef6cadbb1e762d1ef75be6f35",
                "sha256:dca327ec8750b5cb08bc2c3eecf629f46e4ec18a8ba318d0c6faf16ae53da0a6",
                "sha256:e37d42dad62fd75db3eb2af6236a234a177e0aca2b73fafa5d54aa1ebd74e936",
                "sha256:eb9b668dd9dddaa8f1bcd8052a80dea38c0c55a917c3dbe10f34b9882e6310f1",
                "sha256:f35b2aa23644a0b8b842b5237abee66dd225888dd4112613469ddcfe870da6dd"
            ],
            "markers": "python_version != '3.0.*' and python_version >= '2.6' and python_version != '3.2.*' and python_version != '3.3.*' and python_version != '3.1.*'",
            "version": "==3.7.0"
        },
        "pytz": {
            "hashes": [
                "sha256:31cb35c89bd7d333cd32c5f278fca91b523b0834369e757f4c5641ea252236ca",
                "sha256:8e0f8568c118d3077b46be7d654cc8167fa916092e28320cde048e54bfc9f1e6"
            ],
            "version": "==2018.7"
        },
        "vyper": {
            "hashes": [
                "sha256:c38a1b7a2bc15bb80c2314caacd51bca7dad104816bc175b99d67be846b74b4b",
                "sha256:e28901dc2dcf2e6ac1ae51f2c5707fc34a5f504e2ffcec80bc810abbd4e54a27"
            ],
            "index": "pypi",
            "version": "==0.1.0b4"
        },
        "whitenoise": {
            "hashes": [
                "sha256:b1ddbce083c51a064da5e99dacbfff38b291d8436b6fd75156a3bb2265c55d39",
                "sha256:d3609f505db173be501e8a5549d396e6013543fe126ee073b435833fc3403306"
            ],
            "version": "==4.1.1"
        }
    },
    "develop": {}
}
